
Microsoft Visual Studio Solution File, Format Version 12.00
# Visual Studio Version 17
VisualStudioVersion = 17.4.33110.190
MinimumVisualStudioVersion = 10.0.40219.1
Project("{FAE04EC0-301F-11D3-BF4B-00C04F79EFBC}") = "Provider.MarketData", "Provider.MarketData\Provider.MarketData.csproj", "{7DF255BB-FDCE-45BA-A6E0-9C28D02C3836}"
EndProject
Project("{FAE04EC0-301F-11D3-BF4B-00C04F79EFBC}") = "Provider.MaketData.NSE", "Provider.MaketData.NSE\Provider.MaketData.NSE.csproj", "{43DCF1F4-3884-4796-AE73-E8FE985279BE}"
EndProject
Global
	GlobalSection(SolutionConfigurationPlatforms) = preSolution
		Debug|Any CPU = Debug|Any CPU
		Release|Any CPU = Release|Any CPU
	EndGlobalSection
	GlobalSection(ProjectConfigurationPlatforms) = postSolution
		{7DF255BB-FDCE-45BA-A6E0-9C28D02C3836}.Debug|Any CPU.ActiveCfg = Debug|Any CPU
		{7DF255BB-FDCE-45BA-A6E0-9C28D02C3836}.Debug|Any CPU.Build.0 = Debug|Any CPU
		{7DF255BB-FDCE-45BA-A6E0-9C28D02C3836}.Release|Any CPU.ActiveCfg = Release|Any CPU
		{7DF255BB-FDCE-45BA-A6E0-9C28D02C3836}.Release|Any CPU.Build.0 = Release|Any CPU
		{43DCF1F4-3884-4796-AE73-E8FE985279BE}.Debug|Any CPU.ActiveCfg = Debug|Any CPU
		{43DCF1F4-3884-4796-AE73-E8FE985279BE}.Debug|Any CPU.Build.0 = Debug|Any CPU
		{43DCF1F4-3884-4796-AE73-E8FE985279BE}.Release|Any CPU.ActiveCfg = Release|Any CPU
		{43DCF1F4-3884-4796-AE73-E8FE985279BE}.Release|Any CPU.Build.0 = Release|Any CPU
	EndGlobalSection
	GlobalSection(SolutionProperties) = preSolution
		HideSolutionNode = FALSE
	EndGlobalSection
	GlobalSection(ExtensibilityGlobals) = postSolution
		SolutionGuid = {5570B7DB-37AD-4B43-BB43-FC5E6F269E8D}
	EndGlobalSection
EndGlobal
